
Microsoft Visual Studio Solution File, Format Version 12.00
# Visual Studio 15
Project("{FAE04EC0-301F-11D3-BF4B-00C04F79EFBC}") = "Mirror.Examples", "Mirror.Examples.csproj", "{A48C29A7-B44E-885B-147F-4A05AED0D7BB}"
EndProject
Project("{FAE04EC0-301F-11D3-BF4B-00C04F79EFBC}") = "Mirror", "Mirror.csproj", "{6415676A-C441-BBE0-E00D-017F4644B123}"
EndProject
Project("{FAE04EC0-301F-11D3-BF4B-00C04F79EFBC}") = "Edgegap", "Edgegap.csproj", "{3E48C5A2-4F7A-C6C6-2D6E-2F2D3BE7234F}"
EndProject
Project("{FAE04EC0-301F-11D3-BF4B-00C04F79EFBC}") = "Mirror.Transports", "Mirror.Transports.csproj", "{0778F872-F147-1110-2915-F5DA4A34830B}"
EndProject
Project("{FAE04EC0-301F-11D3-BF4B-00C04F79EFBC}") = "Mirror.Components", "Mirror.Components.csproj", "{FFC83606-9D3F-F55C-CE78-6383B42D068D}"
EndProject
Project("{FAE04EC0-301F-11D3-BF4B-00C04F79EFBC}") = "Unity.Mirror.CodeGen", "Unity.Mirror.CodeGen.csproj", "{7E83E1F5-AD54-F724-9796-EC4F20979C38}"
EndProject
Project("{FAE04EC0-301F-11D3-BF4B-00C04F79EFBC}") = "Mirror.Editor", "Mirror.Editor.csproj", "{37EC6EBE-D183-E66C-21D3-FD2CF27A35B5}"
EndProject
Project("{FAE04EC0-301F-11D3-BF4B-00C04F79EFBC}") = "Telepathy", "Telepathy.csproj", "{447E942C-6FC7-F714-6204-A4BE4A5617B1}"
EndProject
Project("{FAE04EC0-301F-11D3-BF4B-00C04F79EFBC}") = "SimpleWebTransport", "SimpleWebTransport.csproj", "{B9CEC040-A79D-F002-8621-7848479F9949}"
EndProject
Project("{FAE04EC0-301F-11D3-BF4B-00C04F79EFBC}") = "kcp2k", "kcp2k.csproj", "{3BD8503F-D9FD-7806-6FF1-9D4D63E055B2}"
EndProject
Project("{FAE04EC0-301F-11D3-BF4B-00C04F79EFBC}") = "Assembly-CSharp-Editor", "Assembly-CSharp-Editor.csproj", "{5D13D1A9-B143-11CB-CDC5-5C3A8B4435AB}"
EndProject
Project("{FAE04EC0-301F-11D3-BF4B-00C04F79EFBC}") = "Mirror.Authenticators", "Mirror.Authenticators.csproj", "{D85B9141-2946-FD93-EEA2-54FD454B6851}"
EndProject
Project("{FAE04EC0-301F-11D3-BF4B-00C04F79EFBC}") = "EncryptionTransportEditor", "EncryptionTransportEditor.csproj", "{D5F3924B-8E38-C5C2-FECE-F5CEC8EA3013}"
EndProject
Project("{FAE04EC0-301F-11D3-BF4B-00C04F79EFBC}") = "Mirror.CompilerSymbols", "Mirror.CompilerSymbols.csproj", "{E9F2D873-49D1-AD9A-063E-636F355E5996}"
EndProject
Global
	GlobalSection(SolutionConfigurationPlatforms) = preSolution
		Debug|Any CPU = Debug|Any CPU
		Release|Any CPU = Release|Any CPU
	EndGlobalSection
	GlobalSection(ProjectConfigurationPlatforms) = postSolution
		{A48C29A7-B44E-885B-147F-4A05AED0D7BB}.Debug|Any CPU.ActiveCfg = Debug|Any CPU
		{A48C29A7-B44E-885B-147F-4A05AED0D7BB}.Debug|Any CPU.Build.0 = Debug|Any CPU
		{A48C29A7-B44E-885B-147F-4A05AED0D7BB}.Release|Any CPU.ActiveCfg = Release|Any CPU
		{A48C29A7-B44E-885B-147F-4A05AED0D7BB}.Release|Any CPU.Build.0 = Release|Any CPU
		{6415676A-C441-BBE0-E00D-017F4644B123}.Debug|Any CPU.ActiveCfg = Debug|Any CPU
		{6415676A-C441-BBE0-E00D-017F4644B123}.Debug|Any CPU.Build.0 = Debug|Any CPU
		{6415676A-C441-BBE0-E00D-017F4644B123}.Release|Any CPU.ActiveCfg = Release|Any CPU
		{6415676A-C441-BBE0-E00D-017F4644B123}.Release|Any CPU.Build.0 = Release|Any CPU
		{3E48C5A2-4F7A-C6C6-2D6E-2F2D3BE7234F}.Debug|Any CPU.ActiveCfg = Debug|Any CPU
		{3E48C5A2-4F7A-C6C6-2D6E-2F2D3BE7234F}.Debug|Any CPU.Build.0 = Debug|Any CPU
		{3E48C5A2-4F7A-C6C6-2D6E-2F2D3BE7234F}.Release|Any CPU.ActiveCfg = Release|Any CPU
		{3E48C5A2-4F7A-C6C6-2D6E-2F2D3BE7234F}.Release|Any CPU.Build.0 = Release|Any CPU
		{0778F872-F147-1110-2915-F5DA4A34830B}.Debug|Any CPU.ActiveCfg = Debug|Any CPU
		{0778F872-F147-1110-2915-F5DA4A34830B}.Debug|Any CPU.Build.0 = Debug|Any CPU
		{0778F872-F147-1110-2915-F5DA4A34830B}.Release|Any CPU.ActiveCfg = Release|Any CPU
		{0778F872-F147-1110-2915-F5DA4A34830B}.Release|Any CPU.Build.0 = Release|Any CPU
		{FFC83606-9D3F-F55C-CE78-6383B42D068D}.Debug|Any CPU.ActiveCfg = Debug|Any CPU
		{FFC83606-9D3F-F55C-CE78-6383B42D068D}.Debug|Any CPU.Build.0 = Debug|Any CPU
		{FFC83606-9D3F-F55C-CE78-6383B42D068D}.Release|Any CPU.ActiveCfg = Release|Any CPU
		{FFC83606-9D3F-F55C-CE78-6383B42D068D}.Release|Any CPU.Build.0 = Release|Any CPU
		{7E83E1F5-AD54-F724-9796-EC4F20979C38}.Debug|Any CPU.ActiveCfg = Debug|Any CPU
		{7E83E1F5-AD54-F724-9796-EC4F20979C38}.Debug|Any CPU.Build.0 = Debug|Any CPU
		{7E83E1F5-AD54-F724-9796-EC4F20979C38}.Release|Any CPU.ActiveCfg = Release|Any CPU
		{7E83E1F5-AD54-F724-9796-EC4F20979C38}.Release|Any CPU.Build.0 = Release|Any CPU
		{37EC6EBE-D183-E66C-21D3-FD2CF27A35B5}.Debug|Any CPU.ActiveCfg = Debug|Any CPU
		{37EC6EBE-D183-E66C-21D3-FD2CF27A35B5}.Debug|Any CPU.Build.0 = Debug|Any CPU
		{37EC6EBE-D183-E66C-21D3-FD2CF27A35B5}.Release|Any CPU.ActiveCfg = Release|Any CPU
		{37EC6EBE-D183-E66C-21D3-FD2CF27A35B5}.Release|Any CPU.Build.0 = Release|Any CPU
		{447E942C-6FC7-F714-6204-A4BE4A5617B1}.Debug|Any CPU.ActiveCfg = Debug|Any CPU
		{447E942C-6FC7-F714-6204-A4BE4A5617B1}.Debug|Any CPU.Build.0 = Debug|Any CPU
		{447E942C-6FC7-F714-6204-A4BE4A5617B1}.Release|Any CPU.ActiveCfg = Release|Any CPU
		{447E942C-6FC7-F714-6204-A4BE4A5617B1}.Release|Any CPU.Build.0 = Release|Any CPU
		{B9CEC040-A79D-F002-8621-7848479F9949}.Debug|Any CPU.ActiveCfg = Debug|Any CPU
		{B9CEC040-A79D-F002-8621-7848479F9949}.Debug|Any CPU.Build.0 = Debug|Any CPU
		{B9CEC040-A79D-F002-8621-7848479F9949}.Release|Any CPU.ActiveCfg = Release|Any CPU
		{B9CEC040-A79D-F002-8621-7848479F9949}.Release|Any CPU.Build.0 = Release|Any CPU
		{3BD8503F-D9FD-7806-6FF1-9D4D63E055B2}.Debug|Any CPU.ActiveCfg = Debug|Any CPU
		{3BD8503F-D9FD-7806-6FF1-9D4D63E055B2}.Debug|Any CPU.Build.0 = Debug|Any CPU
		{3BD8503F-D9FD-7806-6FF1-9D4D63E055B2}.Release|Any CPU.ActiveCfg = Release|Any CPU
		{3BD8503F-D9FD-7806-6FF1-9D4D63E055B2}.Release|Any CPU.Build.0 = Release|Any CPU
		{5D13D1A9-B143-11CB-CDC5-5C3A8B4435AB}.Debug|Any CPU.ActiveCfg = Debug|Any CPU
		{5D13D1A9-B143-11CB-CDC5-5C3A8B4435AB}.Debug|Any CPU.Build.0 = Debug|Any CPU
		{5D13D1A9-B143-11CB-CDC5-5C3A8B4435AB}.Release|Any CPU.ActiveCfg = Release|Any CPU
		{5D13D1A9-B143-11CB-CDC5-5C3A8B4435AB}.Release|Any CPU.Build.0 = Release|Any CPU
		{D85B9141-2946-FD93-EEA2-54FD454B6851}.Debug|Any CPU.ActiveCfg = Debug|Any CPU
		{D85B9141-2946-FD93-EEA2-54FD454B6851}.Debug|Any CPU.Build.0 = Debug|Any CPU
		{D85B9141-2946-FD93-EEA2-54FD454B6851}.Release|Any CPU.ActiveCfg = Release|Any CPU
		{D85B9141-2946-FD93-EEA2-54FD454B6851}.Release|Any CPU.Build.0 = Release|Any CPU
		{D5F3924B-8E38-C5C2-FECE-F5CEC8EA3013}.Debug|Any CPU.ActiveCfg = Debug|Any CPU
		{D5F3924B-8E38-C5C2-FECE-F5CEC8EA3013}.Debug|Any CPU.Build.0 = Debug|Any CPU
		{D5F3924B-8E38-C5C2-FECE-F5CEC8EA3013}.Release|Any CPU.ActiveCfg = Release|Any CPU
		{D5F3924B-8E38-C5C2-FECE-F5CEC8EA3013}.Release|Any CPU.Build.0 = Release|Any CPU
		{E9F2D873-49D1-AD9A-063E-636F355E5996}.Debug|Any CPU.ActiveCfg = Debug|Any CPU
		{E9F2D873-49D1-AD9A-063E-636F355E5996}.Debug|Any CPU.Build.0 = Debug|Any CPU
		{E9F2D873-49D1-AD9A-063E-636F355E5996}.Release|Any CPU.ActiveCfg = Release|Any CPU
		{E9F2D873-49D1-AD9A-063E-636F355E5996}.Release|Any CPU.Build.0 = Release|Any CPU
	EndGlobalSection
	GlobalSection(SolutionProperties) = preSolution
		HideSolutionNode = FALSE
	EndGlobalSection
EndGlobal
